<Solution>
  <Folder Name="/Src/">
    <Project Path="Api.Catalog.Api/Api.Catalog.Api.csproj" />
    <Project Path="Api.Catalog.Application/Api.Catalog.Application.csproj" />
    <Project Path="Api.Catalog.Domain/Api.Catalog.Domain.csproj" />
    <Project Path="Api.Catalog.Infrastructure/Api.Catalog.Infrastructure.csproj" />
  </Folder>
  <Folder Name="/Tests/">
    <Project Path="Api.Catalog.Tests.Integration/Api.Catalog.Tests.Integration.csproj" Id="ba0eec56-c3f1-4243-a1b1-9e9cd32dbfa3" />
    <Project Path="Api.Catalog.Tests/Api.Catalog.Tests.Unit.csproj" />
  </Folder>
</Solution>
